
Microsoft Visual Studio Solution File, Format Version 12.00
# Visual Studio Version 17
VisualStudioVersion = 17.5.33530.505
MinimumVisualStudioVersion = 10.0.40219.1
Project("{FAE04EC0-301F-11D3-BF4B-00C04F79EFBC}") = "deaIssueResolver", "deaIssueResolver\deaIssueResolver.csproj", "{501004E4-4F98-4A8F-8438-B273EE260C17}"
EndProject
Global
	GlobalSection(SolutionConfigurationPlatforms) = preSolution
		Debug|Any CPU = Debug|Any CPU
		Release|Any CPU = Release|Any CPU
	EndGlobalSection
	GlobalSection(ProjectConfigurationPlatforms) = postSolution
		{501004E4-4F98-4A8F-8438-B273EE260C17}.Debug|Any CPU.ActiveCfg = Debug|Any CPU
		{501004E4-4F98-4A8F-8438-B273EE260C17}.Debug|Any CPU.Build.0 = Debug|Any CPU
		{501004E4-4F98-4A8F-8438-B273EE260C17}.Release|Any CPU.ActiveCfg = Release|Any CPU
		{501004E4-4F98-4A8F-8438-B273EE260C17}.Release|Any CPU.Build.0 = Release|Any CPU
	EndGlobalSection
	GlobalSection(SolutionProperties) = preSolution
		HideSolutionNode = FALSE
	EndGlobalSection
	GlobalSection(ExtensibilityGlobals) = postSolution
		SolutionGuid = {81A9907D-1CB2-442B-B6F5-F77A6EC70D23}
	EndGlobalSection
EndGlobal
